
Microsoft Visual Studio Solution File, Format Version 12.00
# Visual Studio Version 17
VisualStudioVersion = 17.10.35013.160
MinimumVisualStudioVersion = 10.0.40219.1
Project("{FAE04EC0-301F-11D3-BF4B-00C04F79EFBC}") = "EXAMEN1P_JUANDAVILA", "EXAMEN1P_JUANDAVILA\EXAMEN1P_JUANDAVILA.csproj", "{E1DF2C74-B23B-4549-A325-B6DF5FFA123C}"
EndProject
Global
	GlobalSection(SolutionConfigurationPlatforms) = preSolution
		Debug|Any CPU = Debug|Any CPU
		Release|Any CPU = Release|Any CPU
	EndGlobalSection
	GlobalSection(ProjectConfigurationPlatforms) = postSolution
		{E1DF2C74-B23B-4549-A325-B6DF5FFA123C}.Debug|Any CPU.ActiveCfg = Debug|Any CPU
		{E1DF2C74-B23B-4549-A325-B6DF5FFA123C}.Debug|Any CPU.Build.0 = Debug|Any CPU
		{E1DF2C74-B23B-4549-A325-B6DF5FFA123C}.Release|Any CPU.ActiveCfg = Release|Any CPU
		{E1DF2C74-B23B-4549-A325-B6DF5FFA123C}.Release|Any CPU.Build.0 = Release|Any CPU
	EndGlobalSection
	GlobalSection(SolutionProperties) = preSolution
		HideSolutionNode = FALSE
	EndGlobalSection
	GlobalSection(ExtensibilityGlobals) = postSolution
		SolutionGuid = {1F3FE739-0702-44C0-8FFE-E189351F0FD9}
	EndGlobalSection
EndGlobal
